github.com/baepo-cloud/baepo-proto/go v0.0.0-20250726152625-6d5dc77f67d9 h1:4Ax6mNGtqXdgSvSRtr7TVNncifXgADALcpidVcDn49Q=
github.com/baepo-cloud/baepo-proto/go v0.0.0-20250726152625-6d5dc77f67d9/go.mod h1:q5i4PqCDD13U2YZdz1BSlDwDrCuTVHxG4CK5wDRhvws=
github.com/baepo-cloud/baepo-proto/go v0.0.0-20250727084821-d19131055ee9 h1:Es6Ib2IDTagFVVoZSMArv3IIrKrKf94soyLgwwzijoQ=
github.com/baepo-cloud/baepo-proto/go v0.0.0-20250727084821-d19131055ee9/go.mod h1:q5i4PqCDD13U2YZdz1BSlDwDrCuTVHxG4CK5wDRhvws=
github.com/baepo-cloud/baepo-proto/go v0.0.0-20250801083936-d954a25a2156 h1:tu3xCA/Y9/sIcWchghQCamhwZayk2G4lHiOfPX23l+M=
github.com/baepo-cloud/baepo-proto/go v0.0.0-20250801083936-d954a25a2156/go.mod h1:q5i4PqCDD13U2YZdz1BSlDwDrCuTVHxG4CK5wDRhvws=
github.com/baepo-cloud/baepo-proto/go v0.0.0-20250801122304-9a21658f18d8 h1:anzsUilA8WEQucMIaHdSMGTZmYchwkHyDFAyAE80BU4=
github.com/baepo-cloud/baepo-proto/go v0.0.0-20250801122304-9a21658f18d8/go.mod h1:q5i4PqCDD13U2YZdz1BSlDwDrCuTVHxG4CK5wDRhvws=
github.com/baepo-cloud/baepo-proto/go v0.0.0-20250801131449-a15327919326 h1:jKWtLTZ2fUcgemV+6PibTqEP/NemtRLa1DUsKdqdxHQ=
github.com/baepo-cloud/baepo-proto/go v0.0.0-20250801131449-a15327919326/go.mod h1:q5i4PqCDD13U2YZdz1BSlDwDrCuTVHxG4CK5wDRhvws=
github.com/baepo-cloud/baepo-proto/go v0.0.0-20250803123921-6f5b82299279 h1:KkCT38TUE9awnBS8DHPX0DMlxSpPhOsyglfWNmuJwPc=
github.com/baepo-cloud/baepo-proto/go v0.0.0-20250803123921-6f5b82299279/go.mod h1:q5i4PqCDD13U2YZdz1BSlDwDrCuTVHxG4CK5wDRhvws=
github.com/baepo-cloud/baepo-proto/go v0.0.0-20250808072756-bd24769745cc h1:kOfBLScwBNRbCx2/oxTo0fbEsvZ0nLN2fe3iFP8rkc4=
github.com/baepo-cloud/baepo-proto/go v0.0.0-20250808072756-bd24769745cc/go.mod h1:q5i4PqCDD13U2YZdz1BSlDwDrCuTVHxG4CK5wDRhvws=
github.com/baepo-cloud/baepo-proto/go v0.0.0-20250808102228-88fd923179a3 h1:2GFlN1qZx9Te38wjRFFFkM8C02Jg/qI7YmXIufl0ysc=
github.com/baepo-cloud/baepo-proto/go v0.0.0-20250808102228-88fd923179a3/go.mod h1:q5i4PqCDD13U2YZdz1BSlDwDrCuTVHxG4CK5wDRhvws=
github.com/baepo-cloud/baepo-proto/go v0.0.0-20250809204413-928fceaf4d88 h1:Rj9Re4DCFTkEZ3oY0XnVzkHW+V/1b5s+blbsNsTUJKU=
github.com/baepo-cloud/baepo-proto/go v0.0.0-20250809204413-928fceaf4d88/go.mod h1:q5i4PqCDD13U2YZdz1BSlDwDrCuTVHxG4CK5wDRhvws=
github.com/spf13/pflag v1.0.7 h1:vN6T9TfwStFPFM5XzjsvmzZkLuaLX+HS+0SeFLRgU6M=
github.com/spf13/pflag v1.0.7/go.mod h1:McXfInJRrz4CZXVZOBLb0bTZqETkiAhM9Iw0y3An2Bg=
